
Microsoft Visual Studio Solution File, Format Version 12.00
# Visual Studio Version 17
VisualStudioVersion = 17.4.33213.308
MinimumVisualStudioVersion = 10.0.40219.1
Project("{9A19103F-16F7-4668-BE54-9A1E7A4F7556}") = "LibraryProjBeta3", "LibraryProjBeta3\LibraryProjBeta3.csproj", "{2DDDCE9A-6A50-4221-84FB-00B7D3BE1C42}"
EndProject
Project("{9A19103F-16F7-4668-BE54-9A1E7A4F7556}") = "Logic", "Logic\Logic.csproj", "{D88725C6-D6FF-49C2-A2A3-FF492DBBB6F7}"
EndProject
Global
	GlobalSection(SolutionConfigurationPlatforms) = preSolution
		Debug|Any CPU = Debug|Any CPU
		Release|Any CPU = Release|Any CPU
	EndGlobalSection
	GlobalSection(ProjectConfigurationPlatforms) = postSolution
		{2DDDCE9A-6A50-4221-84FB-00B7D3BE1C42}.Debug|Any CPU.ActiveCfg = Debug|Any CPU
		{2DDDCE9A-6A50-4221-84FB-00B7D3BE1C42}.Debug|Any CPU.Build.0 = Debug|Any CPU
		{2DDDCE9A-6A50-4221-84FB-00B7D3BE1C42}.Release|Any CPU.ActiveCfg = Release|Any CPU
		{2DDDCE9A-6A50-4221-84FB-00B7D3BE1C42}.Release|Any CPU.Build.0 = Release|Any CPU
		{D88725C6-D6FF-49C2-A2A3-FF492DBBB6F7}.Debug|Any CPU.ActiveCfg = Debug|Any CPU
		{D88725C6-D6FF-49C2-A2A3-FF492DBBB6F7}.Debug|Any CPU.Build.0 = Debug|Any CPU
		{D88725C6-D6FF-49C2-A2A3-FF492DBBB6F7}.Release|Any CPU.ActiveCfg = Release|Any CPU
		{D88725C6-D6FF-49C2-A2A3-FF492DBBB6F7}.Release|Any CPU.Build.0 = Release|Any CPU
	EndGlobalSection
	GlobalSection(SolutionProperties) = preSolution
		HideSolutionNode = FALSE
	EndGlobalSection
	GlobalSection(ExtensibilityGlobals) = postSolution
		SolutionGuid = {DB24D71D-E6D2-4482-92F0-47744575FE0E}
	EndGlobalSection
EndGlobal
